// !$*UTF8*$!
{
	archiveVersion = 1;
	classes = {
	};
	objectVersion = 47;
	objects = {

/* Begin PBXBuildFile section */
		3B1BAA72DEA1F7598916DE58 /* Pods_CarSocialNetwork.framework in Frameworks */ = {isa = PBXBuildFile; fileRef = 99FD3D2E6D198E7438282593 /* Pods_CarSocialNetwork.framework */; };
		6611C31E1DB3C57400D99832 /* EventDescription.xib in Resources */ = {isa = PBXBuildFile; fileRef = 6611C31D1DB3C57400D99832 /* EventDescription.xib */; };
		6611C3201DB3C59C00D99832 /* EventDescriptionView.swift in Sources */ = {isa = PBXBuildFile; fileRef = 6611C31F1DB3C59C00D99832 /* EventDescriptionView.swift */; };
		661A5B8E1DC0066300B20988 /* Usr.swift in Sources */ = {isa = PBXBuildFile; fileRef = 661A5B8D1DC0066300B20988 /* Usr.swift */; };
		661A5B911DC0D82D00B20988 /* DefaultSettings.swift in Sources */ = {isa = PBXBuildFile; fileRef = 661A5B901DC0D82D00B20988 /* DefaultSettings.swift */; };
		661A5B931DC0DF5900B20988 /* PhotoPost.swift in Sources */ = {isa = PBXBuildFile; fileRef = 661A5B921DC0DF5900B20988 /* PhotoPost.swift */; };
		666B935A1DB2B49A008D6F44 /* Events.storyboard in Resources */ = {isa = PBXBuildFile; fileRef = 666B93591DB2B49A008D6F44 /* Events.storyboard */; };
		666B935C1DB2B8A8008D6F44 /* EventsViewController.swift in Sources */ = {isa = PBXBuildFile; fileRef = 666B935B1DB2B8A8008D6F44 /* EventsViewController.swift */; };
		668D195A1DB505350077021E /* SearchResult.xib in Resources */ = {isa = PBXBuildFile; fileRef = 668D19591DB505350077021E /* SearchResult.xib */; };
		668D195E1DB516030077021E /* SearchTableViewCell.swift in Sources */ = {isa = PBXBuildFile; fileRef = 668D195D1DB516030077021E /* SearchTableViewCell.swift */; };
		6692301D1DBD844F00DECAC0 /* Assets.xcassets in Resources */ = {isa = PBXBuildFile; fileRef = 6692301C1DBD844F00DECAC0 /* Assets.xcassets */; };
		66A392471DC77589006C0399 /* Show.storyboard in Resources */ = {isa = PBXBuildFile; fileRef = 66A392461DC77589006C0399 /* Show.storyboard */; };
		66A3924B1DC7778A006C0399 /* ShowProfileViewController.swift in Sources */ = {isa = PBXBuildFile; fileRef = 66A3924A1DC7778A006C0399 /* ShowProfileViewController.swift */; };
		66A689341DB2788E00C7AE90 /* UIViewControllerExtensions.swift in Sources */ = {isa = PBXBuildFile; fileRef = 66A689331DB2788E00C7AE90 /* UIViewControllerExtensions.swift */; };
		66A689371DB27D8000C7AE90 /* Car.storyboard in Resources */ = {isa = PBXBuildFile; fileRef = 66A689361DB27D8000C7AE90 /* Car.storyboard */; };
		66A689391DB27F3900C7AE90 /* CarViewController.swift in Sources */ = {isa = PBXBuildFile; fileRef = 66A689381DB27F3900C7AE90 /* CarViewController.swift */; };
		66A689401DB2825B00C7AE90 /* UIImageExtensions.swift in Sources */ = {isa = PBXBuildFile; fileRef = 66A6893F1DB2825B00C7AE90 /* UIImageExtensions.swift */; };
		66A689441DB293FC00C7AE90 /* FusumaConfig.swift in Sources */ = {isa = PBXBuildFile; fileRef = 66A689431DB293FC00C7AE90 /* FusumaConfig.swift */; };
		66AC22121DCBABC900725A6B /* ShowEventViewController.swift in Sources */ = {isa = PBXBuildFile; fileRef = 66AC22111DCBABC900725A6B /* ShowEventViewController.swift */; };
		66AC22141DCBB41100725A6B /* ShowCarViewController.swift in Sources */ = {isa = PBXBuildFile; fileRef = 66AC22131DCBB41100725A6B /* ShowCarViewController.swift */; };
		66B046441DC61F440090E7D8 /* Bolts.framework in Frameworks */ = {isa = PBXBuildFile; fileRef = 66B046401DC61F440090E7D8 /* Bolts.framework */; };
		66B046451DC61F440090E7D8 /* FBSDKCoreKit.framework in Frameworks */ = {isa = PBXBuildFile; fileRef = 66B046411DC61F440090E7D8 /* FBSDKCoreKit.framework */; };
		66B046461DC61F440090E7D8 /* FBSDKLoginKit.framework in Frameworks */ = {isa = PBXBuildFile; fileRef = 66B046421DC61F440090E7D8 /* FBSDKLoginKit.framework */; };
		66B046471DC61F440090E7D8 /* FBSDKShareKit.framework in Frameworks */ = {isa = PBXBuildFile; fileRef = 66B046431DC61F440090E7D8 /* FBSDKShareKit.framework */; };
		66B046491DC626F10090E7D8 /* FBAudienceNetwork.framework in Frameworks */ = {isa = PBXBuildFile; fileRef = 66B046481DC626F10090E7D8 /* FBAudienceNetwork.framework */; };
		66B0464B1DC627910090E7D8 /* FacebookSDKStrings.bundle in Resources */ = {isa = PBXBuildFile; fileRef = 66B0464A1DC627910090E7D8 /* FacebookSDKStrings.bundle */; };
		66B0464D1DC62ACF0090E7D8 /* Accounts.framework in Frameworks */ = {isa = PBXBuildFile; fileRef = 66B0464C1DC62ACF0090E7D8 /* Accounts.framework */; };
		66B0464F1DC62B670090E7D8 /* MobileCoreServices.framework in Frameworks */ = {isa = PBXBuildFile; fileRef = 66B0464E1DC62B670090E7D8 /* MobileCoreServices.framework */; };
		66BC9B071DCAB21400B2B2C6 /* SecondViewController.swift in Sources */ = {isa = PBXBuildFile; fileRef = 66BC9B061DCAB21400B2B2C6 /* SecondViewController.swift */; };
		66C9DE461DC6BB3100BD9876 /* ParseTwitterUtils.framework in Frameworks */ = {isa = PBXBuildFile; fileRef = 66C9DE451DC6BB3100BD9876 /* ParseTwitterUtils.framework */; };
		66C9DE481DC6BB4D00BD9876 /* ParseFacebookUtilsV4.framework in Frameworks */ = {isa = PBXBuildFile; fileRef = 66C9DE471DC6BB4D00BD9876 /* ParseFacebookUtilsV4.framework */; };
		66C9DE4A1DC6BB5E00BD9876 /* Bolts.framework in Frameworks */ = {isa = PBXBuildFile; fileRef = 66C9DE491DC6BB5E00BD9876 /* Bolts.framework */; };
		66C9DE4C1DC6BB6600BD9876 /* ParseUI.framework in Frameworks */ = {isa = PBXBuildFile; fileRef = 66C9DE4B1DC6BB6600BD9876 /* ParseUI.framework */; };
		66E0D0201DB7F762001F5A0F /* UserActivity.xib in Resources */ = {isa = PBXBuildFile; fileRef = 66E0D01F1DB7F762001F5A0F /* UserActivity.xib */; };
		66E0D0241DB7F851001F5A0F /* UserActivityTableViewCell.swift in Sources */ = {isa = PBXBuildFile; fileRef = 66E0D0231DB7F851001F5A0F /* UserActivityTableViewCell.swift */; };
		A91717211D6666760011A524 /* Queue.swift in Sources */ = {isa = PBXBuildFile; fileRef = A91717201D6666760011A524 /* Queue.swift */; };
		A91B16CD1D7632E400B0C6CB /* Actitivy.swift in Sources */ = {isa = PBXBuildFile; fileRef = A91B16CC1D7632E400B0C6CB /* Actitivy.swift */; };
		A91B16CF1D77284700B0C6CB /* Car.swift in Sources */ = {isa = PBXBuildFile; fileRef = A91B16CE1D77284700B0C6CB /* Car.swift */; };
		A91B16D11D772A0400B0C6CB /* Events.swift in Sources */ = {isa = PBXBuildFile; fileRef = A91B16D01D772A0400B0C6CB /* Events.swift */; };
		A91B16D41D77559700B0C6CB /* HomePage.storyboard in Resources */ = {isa = PBXBuildFile; fileRef = A91B16D31D77559700B0C6CB /* HomePage.storyboard */; };
		A91C94C31D87B7830049390A /* ApplicationManager.swift in Sources */ = {isa = PBXBuildFile; fileRef = A91C94C21D87B7830049390A /* ApplicationManager.swift */; };
		A93EE8051D873C57008C9DF9 /* DefaultBt.swift in Sources */ = {isa = PBXBuildFile; fileRef = A93EE8041D873C57008C9DF9 /* DefaultBt.swift */; };
		A93F230F1D917D1800EA197E /* ActivityType.swift in Sources */ = {isa = PBXBuildFile; fileRef = A93F230E1D917D1800EA197E /* ActivityType.swift */; };
		A97784E51D779C44006A756E /* UserDefaults.swift in Sources */ = {isa = PBXBuildFile; fileRef = A97784E41D779C44006A756E /* UserDefaults.swift */; };
		A97784E71D77A456006A756E /* LoginViewController.swift in Sources */ = {isa = PBXBuildFile; fileRef = A97784E61D77A456006A756E /* LoginViewController.swift */; };
		A97784E91D77AED3006A756E /* GoToStoryBoard.swift in Sources */ = {isa = PBXBuildFile; fileRef = A97784E81D77AED3006A756E /* GoToStoryBoard.swift */; };
		A97784EB1D77B277006A756E /* AppConfiguration.swift in Sources */ = {isa = PBXBuildFile; fileRef = A97784EA1D77B277006A756E /* AppConfiguration.swift */; };
		A97784ED1D77B6BB006A756E /* tabBar.swift in Sources */ = {isa = PBXBuildFile; fileRef = A97784EC1D77B6BB006A756E /* tabBar.swift */; };
		A97784EF1D77B9FA006A756E /* LoginStory.storyboard in Resources */ = {isa = PBXBuildFile; fileRef = A97784EE1D77B9FA006A756E /* LoginStory.storyboard */; };
		A97EA6941D884A9E0037E25A /* InicialTutorialView.xib in Resources */ = {isa = PBXBuildFile; fileRef = A97EA6931D884A9E0037E25A /* InicialTutorialView.xib */; };
		A97EA6961D884AB90037E25A /* InicialTutorial.storyboard in Resources */ = {isa = PBXBuildFile; fileRef = A97EA6951D884AB90037E25A /* InicialTutorial.storyboard */; };
		A98A72C91D85891C0044238A /* PostCellView.xib in Resources */ = {isa = PBXBuildFile; fileRef = A98A72C81D85891C0044238A /* PostCellView.xib */; };
		A98A72CB1D8589890044238A /* PostTabbleCellView.swift in Sources */ = {isa = PBXBuildFile; fileRef = A98A72CA1D8589890044238A /* PostTabbleCellView.swift */; };
		A99050201D75D4D000A4F626 /* User.swift in Sources */ = {isa = PBXBuildFile; fileRef = A990501F1D75D4D000A4F626 /* User.swift */; };
		A99F9E6B1D78DA7000059F1A /* NewMember.xib in Resources */ = {isa = PBXBuildFile; fileRef = A99F9E6A1D78DA7000059F1A /* NewMember.xib */; };
		A99F9E6D1D78DAAD00059F1A /* NewMemberView.swift in Sources */ = {isa = PBXBuildFile; fileRef = A99F9E6C1D78DAAD00059F1A /* NewMemberView.swift */; };
		A9D03BDF1D9801FC00D94791 /* AdjustPhoto.swift in Sources */ = {isa = PBXBuildFile; fileRef = A9D03BDE1D9801FC00D94791 /* AdjustPhoto.swift */; };
		A9D03BE11D981BE900D94791 /* DescriptionPost.xib in Resources */ = {isa = PBXBuildFile; fileRef = A9D03BE01D981BE900D94791 /* DescriptionPost.xib */; };
		A9D567441D983ADA00CA478F /* AppHelperExtensions.swift in Sources */ = {isa = PBXBuildFile; fileRef = A9D567431D983ADA00CA478F /* AppHelperExtensions.swift */; };
		A9E35E871D77637A007BC735 /* HomeViewController.swift in Sources */ = {isa = PBXBuildFile; fileRef = A9E35E861D77637A007BC735 /* HomeViewController.swift */; };
		A9E35E891D776392007BC735 /* SearchViewController.swift in Sources */ = {isa = PBXBuildFile; fileRef = A9E35E881D776392007BC735 /* SearchViewController.swift */; };
		A9E35E8B1D7763A9007BC735 /* PostViewController.swift in Sources */ = {isa = PBXBuildFile; fileRef = A9E35E8A1D7763A9007BC735 /* PostViewController.swift */; };
		A9E35E8D1D7763BE007BC735 /* ProfileViewController.swift in Sources */ = {isa = PBXBuildFile; fileRef = A9E35E8C1D7763BE007BC735 /* ProfileViewController.swift */; };
		A9E35E901D776425007BC735 /* EditProfile.storyboard in Resources */ = {isa = PBXBuildFile; fileRef = A9E35E8F1D776425007BC735 /* EditProfile.storyboard */; };
		A9E35E921D77643B007BC735 /* EditViewController.swift in Sources */ = {isa = PBXBuildFile; fileRef = A9E35E911D77643B007BC735 /* EditViewController.swift */; };
		A9E4D6BD1D5D32CF00FD6873 /* AppDelegate.swift in Sources */ = {isa = PBXBuildFile; fileRef = A9E4D6BC1D5D32CF00FD6873 /* AppDelegate.swift */; };
		A9E4D6C71D5D32CF00FD6873 /* LaunchScreen.storyboard in Resources */ = {isa = PBXBuildFile; fileRef = A9E4D6C51D5D32CF00FD6873 /* LaunchScreen.storyboard */; };
		A9E4D6D41D5D3B8D00FD6873 /* Parse.framework in Frameworks */ = {isa = PBXBuildFile; fileRef = A9E4D6D31D5D3B8D00FD6873 /* Parse.framework */; };
		A9E4D6DC1D5DF13200FD6873 /* Photo.swift in Sources */ = {isa = PBXBuildFile; fileRef = A9E4D6DB1D5DF13200FD6873 /* Photo.swift */; };
		A9E7AF0F1D9825E80049E4C4 /* DescritptionView.swift in Sources */ = {isa = PBXBuildFile; fileRef = A9E7AF0E1D9825E80049E4C4 /* DescritptionView.swift */; };
/* End PBXBuildFile section */

/* Begin PBXFileReference section */
		6611C31D1DB3C57400D99832 /* EventDescription.xib */ = {isa = PBXFileReference; fileEncoding = 4; lastKnownFileType = file.xib; path = EventDescription.xib; sourceTree = "<group>"; };
		6611C31F1DB3C59C00D99832 /* EventDescriptionView.swift */ = {isa = PBXFileReference; fileEncoding = 4; lastKnownFileType = sourcecode.swift; path = EventDescriptionView.swift; sourceTree = "<group>"; };
		661A5B8D1DC0066300B20988 /* Usr.swift */ = {isa = PBXFileReference; fileEncoding = 4; lastKnownFileType = sourcecode.swift; path = Usr.swift; sourceTree = "<group>"; };
		661A5B901DC0D82D00B20988 /* DefaultSettings.swift */ = {isa = PBXFileReference; fileEncoding = 4; lastKnownFileType = sourcecode.swift; path = DefaultSettings.swift; sourceTree = "<group>"; };
		661A5B921DC0DF5900B20988 /* PhotoPost.swift */ = {isa = PBXFileReference; fileEncoding = 4; lastKnownFileType = sourcecode.swift; path = PhotoPost.swift; sourceTree = "<group>"; };
		666B93591DB2B49A008D6F44 /* Events.storyboard */ = {isa = PBXFileReference; fileEncoding = 4; lastKnownFileType = file.storyboard; path = Events.storyboard; sourceTree = "<group>"; };
		666B935B1DB2B8A8008D6F44 /* EventsViewController.swift */ = {isa = PBXFileReference; fileEncoding = 4; lastKnownFileType = sourcecode.swift; path = EventsViewController.swift; sourceTree = "<group>"; };
		668D19591DB505350077021E /* SearchResult.xib */ = {isa = PBXFileReference; fileEncoding = 4; lastKnownFileType = file.xib; path = SearchResult.xib; sourceTree = "<group>"; };
		668D195D1DB516030077021E /* SearchTableViewCell.swift */ = {isa = PBXFileReference; fileEncoding = 4; lastKnownFileType = sourcecode.swift; path = SearchTableViewCell.swift; sourceTree = "<group>"; };
		6692301C1DBD844F00DECAC0 /* Assets.xcassets */ = {isa = PBXFileReference; lastKnownFileType = folder.assetcatalog; path = Assets.xcassets; sourceTree = "<group>"; };
		66947D461DAEB07100046DA3 /* CarSocialNetwork.entitlements */ = {isa = PBXFileReference; lastKnownFileType = text.plist.entitlements; path = CarSocialNetwork.entitlements; sourceTree = "<group>"; };
		66A392461DC77589006C0399 /* Show.storyboard */ = {isa = PBXFileReference; fileEncoding = 4; lastKnownFileType = file.storyboard; path = Show.storyboard; sourceTree = "<group>"; };
		66A3924A1DC7778A006C0399 /* ShowProfileViewController.swift */ = {isa = PBXFileReference; fileEncoding = 4; lastKnownFileType = sourcecode.swift; path = ShowProfileViewController.swift; sourceTree = "<group>"; };
		66A689331DB2788E00C7AE90 /* UIViewControllerExtensions.swift */ = {isa = PBXFileReference; fileEncoding = 4; lastKnownFileType = sourcecode.swift; path = UIViewControllerExtensions.swift; sourceTree = "<group>"; };
		66A689361DB27D8000C7AE90 /* Car.storyboard */ = {isa = PBXFileReference; fileEncoding = 4; lastKnownFileType = file.storyboard; path = Car.storyboard; sourceTree = "<group>"; };
		66A689381DB27F3900C7AE90 /* CarViewController.swift */ = {isa = PBXFileReference; fileEncoding = 4; lastKnownFileType = sourcecode.swift; path = CarViewController.swift; sourceTree = "<group>"; };
		66A6893F1DB2825B00C7AE90 /* UIImageExtensions.swift */ = {isa = PBXFileReference; fileEncoding = 4; lastKnownFileType = sourcecode.swift; path = UIImageExtensions.swift; sourceTree = "<group>"; };
		66A689431DB293FC00C7AE90 /* FusumaConfig.swift */ = {isa = PBXFileReference; fileEncoding = 4; lastKnownFileType = sourcecode.swift; path = FusumaConfig.swift; sourceTree = "<group>"; };
		66AC22111DCBABC900725A6B /* ShowEventViewController.swift */ = {isa = PBXFileReference; fileEncoding = 4; lastKnownFileType = sourcecode.swift; path = ShowEventViewController.swift; sourceTree = "<group>"; };
		66AC22131DCBB41100725A6B /* ShowCarViewController.swift */ = {isa = PBXFileReference; fileEncoding = 4; lastKnownFileType = sourcecode.swift; path = ShowCarViewController.swift; sourceTree = "<group>"; };
		66B046401DC61F440090E7D8 /* Bolts.framework */ = {isa = PBXFileReference; lastKnownFileType = wrapper.framework; path = Bolts.framework; sourceTree = "<group>"; };
		66B046411DC61F440090E7D8 /* FBSDKCoreKit.framework */ = {isa = PBXFileReference; lastKnownFileType = wrapper.framework; path = FBSDKCoreKit.framework; sourceTree = "<group>"; };
		66B046421DC61F440090E7D8 /* FBSDKLoginKit.framework */ = {isa = PBXFileReference; lastKnownFileType = wrapper.framework; path = FBSDKLoginKit.framework; sourceTree = "<group>"; };
		66B046431DC61F440090E7D8 /* FBSDKShareKit.framework */ = {isa = PBXFileReference; lastKnownFileType = wrapper.framework; path = FBSDKShareKit.framework; sourceTree = "<group>"; };
		66B046481DC626F10090E7D8 /* FBAudienceNetwork.framework */ = {isa = PBXFileReference; lastKnownFileType = wrapper.framework; path = FBAudienceNetwork.framework; sourceTree = "<group>"; };
		66B0464A1DC627910090E7D8 /* FacebookSDKStrings.bundle */ = {isa = PBXFileReference; lastKnownFileType = "wrapper.plug-in"; path = FacebookSDKStrings.bundle; sourceTree = "<group>"; };
		66B0464C1DC62ACF0090E7D8 /* Accounts.framework */ = {isa = PBXFileReference; lastKnownFileType = wrapper.framework; name = Accounts.framework; path = System/Library/Frameworks/Accounts.framework; sourceTree = SDKROOT; };
		66B0464E1DC62B670090E7D8 /* MobileCoreServices.framework */ = {isa = PBXFileReference; lastKnownFileType = wrapper.framework; name = MobileCoreServices.framework; path = System/Library/Frameworks/MobileCoreServices.framework; sourceTree = SDKROOT; };
		66BC9B061DCAB21400B2B2C6 /* SecondViewController.swift */ = {isa = PBXFileReference; fileEncoding = 4; lastKnownFileType = sourcecode.swift; path = SecondViewController.swift; sourceTree = "<group>"; };
		66C9DE451DC6BB3100BD9876 /* ParseTwitterUtils.framework */ = {isa = PBXFileReference; lastKnownFileType = wrapper.framework; path = ParseTwitterUtils.framework; sourceTree = "<group>"; };
		66C9DE471DC6BB4D00BD9876 /* ParseFacebookUtilsV4.framework */ = {isa = PBXFileReference; lastKnownFileType = wrapper.framework; path = ParseFacebookUtilsV4.framework; sourceTree = "<group>"; };
		66C9DE491DC6BB5E00BD9876 /* Bolts.framework */ = {isa = PBXFileReference; lastKnownFileType = wrapper.framework; path = Bolts.framework; sourceTree = "<group>"; };
		66C9DE4B1DC6BB6600BD9876 /* ParseUI.framework */ = {isa = PBXFileReference; lastKnownFileType = wrapper.framework; path = ParseUI.framework; sourceTree = "<group>"; };
		66E0D01F1DB7F762001F5A0F /* UserActivity.xib */ = {isa = PBXFileReference; fileEncoding = 4; lastKnownFileType = file.xib; path = UserActivity.xib; sourceTree = "<group>"; };
		66E0D0231DB7F851001F5A0F /* UserActivityTableViewCell.swift */ = {isa = PBXFileReference; fileEncoding = 4; lastKnownFileType = sourcecode.swift; path = UserActivityTableViewCell.swift; sourceTree = "<group>"; };
		6B02B8E240BA6D7EB0A5738F /* Pods-CarSocialNetwork.debug.xcconfig */ = {isa = PBXFileReference; includeInIndex = 1; lastKnownFileType = text.xcconfig; name = "Pods-CarSocialNetwork.debug.xcconfig"; path = "Pods/Target Support Files/Pods-CarSocialNetwork/Pods-CarSocialNetwork.debug.xcconfig"; sourceTree = "<group>"; };
		73D55C1859FEA03B5279E99E /* Pods-CarSocialNetwork.release.xcconfig */ = {isa = PBXFileReference; includeInIndex = 1; lastKnownFileType = text.xcconfig; name = "Pods-CarSocialNetwork.release.xcconfig"; path = "Pods/Target Support Files/Pods-CarSocialNetwork/Pods-CarSocialNetwork.release.xcconfig"; sourceTree = "<group>"; };
		99FD3D2E6D198E7438282593 /* Pods_CarSocialNetwork.framework */ = {isa = PBXFileReference; explicitFileType = wrapper.framework; includeInIndex = 0; path = Pods_CarSocialNetwork.framework; sourceTree = BUILT_PRODUCTS_DIR; };
		A91717201D6666760011A524 /* Queue.swift */ = {isa = PBXFileReference; fileEncoding = 4; lastKnownFileType = sourcecode.swift; path = Queue.swift; sourceTree = "<group>"; };
		A91B16CC1D7632E400B0C6CB /* Actitivy.swift */ = {isa = PBXFileReference; fileEncoding = 4; lastKnownFileType = sourcecode.swift; path = Actitivy.swift; sourceTree = "<group>"; };
		A91B16CE1D77284700B0C6CB /* Car.swift */ = {isa = PBXFileReference; fileEncoding = 4; lastKnownFileType = sourcecode.swift; path = Car.swift; sourceTree = "<group>"; };
		A91B16D01D772A0400B0C6CB /* Events.swift */ = {isa = PBXFileReference; fileEncoding = 4; lastKnownFileType = sourcecode.swift; path = Events.swift; sourceTree = "<group>"; };
		A91B16D31D77559700B0C6CB /* HomePage.storyboard */ = {isa = PBXFileReference; fileEncoding = 4; lastKnownFileType = file.storyboard; path = HomePage.storyboard; sourceTree = "<group>"; };
		A91C94C21D87B7830049390A /* ApplicationManager.swift */ = {isa = PBXFileReference; fileEncoding = 4; lastKnownFileType = sourcecode.swift; path = ApplicationManager.swift; sourceTree = "<group>"; };
		A93EE8041D873C57008C9DF9 /* DefaultBt.swift */ = {isa = PBXFileReference; fileEncoding = 4; lastKnownFileType = sourcecode.swift; path = DefaultBt.swift; sourceTree = "<group>"; };
		A93F230E1D917D1800EA197E /* ActivityType.swift */ = {isa = PBXFileReference; fileEncoding = 4; lastKnownFileType = sourcecode.swift; path = ActivityType.swift; sourceTree = "<group>"; };
		A97784E41D779C44006A756E /* UserDefaults.swift */ = {isa = PBXFileReference; fileEncoding = 4; lastKnownFileType = sourcecode.swift; path = UserDefaults.swift; sourceTree = "<group>"; };
		A97784E61D77A456006A756E /* LoginViewController.swift */ = {isa = PBXFileReference; fileEncoding = 4; lastKnownFileType = sourcecode.swift; path = LoginViewController.swift; sourceTree = "<group>"; };
		A97784E81D77AED3006A756E /* GoToStoryBoard.swift */ = {isa = PBXFileReference; fileEncoding = 4; lastKnownFileType = sourcecode.swift; path = GoToStoryBoard.swift; sourceTree = "<group>"; };
		A97784EA1D77B277006A756E /* AppConfiguration.swift */ = {isa = PBXFileReference; fileEncoding = 4; lastKnownFileType = sourcecode.swift; path = AppConfiguration.swift; sourceTree = "<group>"; };
		A97784EC1D77B6BB006A756E /* tabBar.swift */ = {isa = PBXFileReference; fileEncoding = 4; lastKnownFileType = sourcecode.swift; path = tabBar.swift; sourceTree = "<group>"; };
		A97784EE1D77B9FA006A756E /* LoginStory.storyboard */ = {isa = PBXFileReference; fileEncoding = 4; lastKnownFileType = file.storyboard; path = LoginStory.storyboard; sourceTree = "<group>"; };
		A97EA6931D884A9E0037E25A /* InicialTutorialView.xib */ = {isa = PBXFileReference; fileEncoding = 4; lastKnownFileType = file.xib; path = InicialTutorialView.xib; sourceTree = "<group>"; };
		A97EA6951D884AB90037E25A /* InicialTutorial.storyboard */ = {isa = PBXFileReference; fileEncoding = 4; lastKnownFileType = file.storyboard; path = InicialTutorial.storyboard; sourceTree = "<group>"; };
		A98A72C81D85891C0044238A /* PostCellView.xib */ = {isa = PBXFileReference; fileEncoding = 4; lastKnownFileType = file.xib; path = PostCellView.xib; sourceTree = "<group>"; };
		A98A72CA1D8589890044238A /* PostTabbleCellView.swift */ = {isa = PBXFileReference; fileEncoding = 4; lastKnownFileType = sourcecode.swift; path = PostTabbleCellView.swift; sourceTree = "<group>"; };
		A990501F1D75D4D000A4F626 /* User.swift */ = {isa = PBXFileReference; fileEncoding = 4; lastKnownFileType = sourcecode.swift; path = User.swift; sourceTree = "<group>"; };
		A99F9E6A1D78DA7000059F1A /* NewMember.xib */ = {isa = PBXFileReference; fileEncoding = 4; lastKnownFileType = file.xib; path = NewMember.xib; sourceTree = "<group>"; };
		A99F9E6C1D78DAAD00059F1A /* NewMemberView.swift */ = {isa = PBXFileReference; fileEncoding = 4; lastKnownFileType = sourcecode.swift; path = NewMemberView.swift; sourceTree = "<group>"; };
		A9D03BDE1D9801FC00D94791 /* AdjustPhoto.swift */ = {isa = PBXFileReference; fileEncoding = 4; lastKnownFileType = sourcecode.swift; path = AdjustPhoto.swift; sourceTree = "<group>"; };
		A9D03BE01D981BE900D94791 /* DescriptionPost.xib */ = {isa = PBXFileReference; fileEncoding = 4; lastKnownFileType = file.xib; path = DescriptionPost.xib; sourceTree = "<group>"; };
		A9D567431D983ADA00CA478F /* AppHelperExtensions.swift */ = {isa = PBXFileReference; fileEncoding = 4; lastKnownFileType = sourcecode.swift; path = AppHelperExtensions.swift; sourceTree = "<group>"; };
		A9E35E861D77637A007BC735 /* HomeViewController.swift */ = {isa = PBXFileReference; fileEncoding = 4; lastKnownFileType = sourcecode.swift; path = HomeViewController.swift; sourceTree = "<group>"; };
		A9E35E881D776392007BC735 /* SearchViewController.swift */ = {isa = PBXFileReference; fileEncoding = 4; lastKnownFileType = sourcecode.swift; path = SearchViewController.swift; sourceTree = "<group>"; };
		A9E35E8A1D7763A9007BC735 /* PostViewController.swift */ = {isa = PBXFileReference; fileEncoding = 4; lastKnownFileType = sourcecode.swift; path = PostViewController.swift; sourceTree = "<group>"; };
		A9E35E8C1D7763BE007BC735 /* ProfileViewController.swift */ = {isa = PBXFileReference; fileEncoding = 4; lastKnownFileType = sourcecode.swift; path = ProfileViewController.swift; sourceTree = "<group>"; };
		A9E35E8F1D776425007BC735 /* EditProfile.storyboard */ = {isa = PBXFileReference; fileEncoding = 4; lastKnownFileType = file.storyboard; path = EditProfile.storyboard; sourceTree = "<group>"; };
		A9E35E911D77643B007BC735 /* EditViewController.swift */ = {isa = PBXFileReference; fileEncoding = 4; lastKnownFileType = sourcecode.swift; path = EditViewController.swift; sourceTree = "<group>"; };
		A9E4D6B91D5D32CF00FD6873 /* CarSocialNetwork.app */ = {isa = PBXFileReference; explicitFileType = wrapper.application; includeInIndex = 0; path = CarSocialNetwork.app; sourceTree = BUILT_PRODUCTS_DIR; };
		A9E4D6BC1D5D32CF00FD6873 /* AppDelegate.swift */ = {isa = PBXFileReference; lastKnownFileType = sourcecode.swift; path = AppDelegate.swift; sourceTree = "<group>"; };
		A9E4D6C61D5D32CF00FD6873 /* Base */ = {isa = PBXFileReference; lastKnownFileType = file.storyboard; name = Base; path = Base.lproj/LaunchScreen.storyboard; sourceTree = "<group>"; };
		A9E4D6C81D5D32CF00FD6873 /* Info.plist */ = {isa = PBXFileReference; lastKnownFileType = text.plist.xml; path = Info.plist; sourceTree = "<group>"; };
		A9E4D6D31D5D3B8D00FD6873 /* Parse.framework */ = {isa = PBXFileReference; lastKnownFileType = wrapper.framework; name = Parse.framework; path = "Pods/../build/Debug-iphoneos/Parse.framework"; sourceTree = "<group>"; };
		A9E4D6DB1D5DF13200FD6873 /* Photo.swift */ = {isa = PBXFileReference; fileEncoding = 4; lastKnownFileType = sourcecode.swift; path = Photo.swift; sourceTree = "<group>"; };
		A9E7AF0E1D9825E80049E4C4 /* DescritptionView.swift */ = {isa = PBXFileReference; fileEncoding = 4; lastKnownFileType = sourcecode.swift; path = DescritptionView.swift; sourceTree = "<group>"; };
/* End PBXFileReference section */

/* Begin PBXFrameworksBuildPhase section */
		A9E4D6B61D5D32CF00FD6873 /* Frameworks */ = {
			isa = PBXFrameworksBuildPhase;
			buildActionMask = 2147483647;
			files = (
				66B0464F1DC62B670090E7D8 /* MobileCoreServices.framework in Frameworks */,
				66B0464D1DC62ACF0090E7D8 /* Accounts.framework in Frameworks */,
				66B046441DC61F440090E7D8 /* Bolts.framework in Frameworks */,
				66C9DE4A1DC6BB5E00BD9876 /* Bolts.framework in Frameworks */,
				66B046451DC61F440090E7D8 /* FBSDKCoreKit.framework in Frameworks */,
				66C9DE461DC6BB3100BD9876 /* ParseTwitterUtils.framework in Frameworks */,
				66B046471DC61F440090E7D8 /* FBSDKShareKit.framework in Frameworks */,
				66B046461DC61F440090E7D8 /* FBSDKLoginKit.framework in Frameworks */,
				A9E4D6D41D5D3B8D00FD6873 /* Parse.framework in Frameworks */,
				66B046491DC626F10090E7D8 /* FBAudienceNetwork.framework in Frameworks */,
				3B1BAA72DEA1F7598916DE58 /* Pods_CarSocialNetwork.framework in Frameworks */,
				66C9DE481DC6BB4D00BD9876 /* ParseFacebookUtilsV4.framework in Frameworks */,
				66C9DE4C1DC6BB6600BD9876 /* ParseUI.framework in Frameworks */,
			);
			runOnlyForDeploymentPostprocessing = 0;
		};
/* End PBXFrameworksBuildPhase section */

/* Begin PBXGroup section */
		6611C31B1DB3C53C00D99832 /* Event Description */ = {
			isa = PBXGroup;
			children = (
				6611C31D1DB3C57400D99832 /* EventDescription.xib */,
				6611C31F1DB3C59C00D99832 /* EventDescriptionView.swift */,
			);
			name = "Event Description";
			sourceTree = "<group>";
		};
		6611C31C1DB3C54700D99832 /* Save Event */ = {
			isa = PBXGroup;
			children = (
			);
			name = "Save Event";
			sourceTree = "<group>";
		};
		666B93581DB2B481008D6F44 /* Events */ = {
			isa = PBXGroup;
			children = (
				6611C31C1DB3C54700D99832 /* Save Event */,
				6611C31B1DB3C53C00D99832 /* Event Description */,
				666B93591DB2B49A008D6F44 /* Events.storyboard */,
				666B935B1DB2B8A8008D6F44 /* EventsViewController.swift */,
			);
			name = Events;
			sourceTree = "<group>";
		};
		66A392451DC7744D006C0399 /* Show */ = {
			isa = PBXGroup;
			children = (
				66A3924C1DC7816A006C0399 /* Profile */,
			);
			name = Show;
			path = ..;
			sourceTree = "<group>";
		};
		66A3924C1DC7816A006C0399 /* Profile */ = {
			isa = PBXGroup;
			children = (
				66A392461DC77589006C0399 /* Show.storyboard */,
				66A3924A1DC7778A006C0399 /* ShowProfileViewController.swift */,
				66AC22111DCBABC900725A6B /* ShowEventViewController.swift */,
				66AC22131DCBB41100725A6B /* ShowCarViewController.swift */,
			);
			name = Profile;
			sourceTree = "<group>";
		};
		66A689351DB27D0200C7AE90 /* Car */ = {
			isa = PBXGroup;
			children = (
				66A689361DB27D8000C7AE90 /* Car.storyboard */,
				66A689381DB27F3900C7AE90 /* CarViewController.swift */,
			);
			name = Car;
			sourceTree = "<group>";
		};
		66E0D0251DB7F936001F5A0F /* Descrition Post */ = {
			isa = PBXGroup;
			children = (
				A9D03BE01D981BE900D94791 /* DescriptionPost.xib */,
				A9E7AF0E1D9825E80049E4C4 /* DescritptionView.swift */,
			);
			name = "Descrition Post";
			sourceTree = "<group>";
		};
		71E61D4A56B614CA355A389B /* Frameworks */ = {
			isa = PBXGroup;
			children = (
				66C9DE4B1DC6BB6600BD9876 /* ParseUI.framework */,
				66C9DE491DC6BB5E00BD9876 /* Bolts.framework */,
				66C9DE471DC6BB4D00BD9876 /* ParseFacebookUtilsV4.framework */,
				66C9DE451DC6BB3100BD9876 /* ParseTwitterUtils.framework */,
				66B0464E1DC62B670090E7D8 /* MobileCoreServices.framework */,
				66B0464C1DC62ACF0090E7D8 /* Accounts.framework */,
				66B0464A1DC627910090E7D8 /* FacebookSDKStrings.bundle */,
				66B046481DC626F10090E7D8 /* FBAudienceNetwork.framework */,
				66B046401DC61F440090E7D8 /* Bolts.framework */,
				66B046411DC61F440090E7D8 /* FBSDKCoreKit.framework */,
				66B046421DC61F440090E7D8 /* FBSDKLoginKit.framework */,
				66B046431DC61F440090E7D8 /* FBSDKShareKit.framework */,
				A9E4D6D31D5D3B8D00FD6873 /* Parse.framework */,
				99FD3D2E6D198E7438282593 /* Pods_CarSocialNetwork.framework */,
			);
			name = Frameworks;
			sourceTree = "<group>";
		};
		A91B16D21D77544600B0C6CB /* HomePage */ = {
			isa = PBXGroup;
			children = (
				66E0D0251DB7F936001F5A0F /* Descrition Post */,
				A98A72C71D8588FD0044238A /* Post */,
				A93F23091D917BC900EA197E /* Profile Activity */,
				A97EA6891D87FA940037E25A /* Search */,
				A91B16D31D77559700B0C6CB /* HomePage.storyboard */,
				A9E35E861D77637A007BC735 /* HomeViewController.swift */,
				A9E35E881D776392007BC735 /* SearchViewController.swift */,
				A9E35E8A1D7763A9007BC735 /* PostViewController.swift */,
				A9E35E8C1D7763BE007BC735 /* ProfileViewController.swift */,
				A97784EC1D77B6BB006A756E /* tabBar.swift */,
			);
			name = HomePage;
			sourceTree = "<group>";
		};
		A93F23091D917BC900EA197E /* Profile Activity */ = {
			isa = PBXGroup;
			children = (
				66E0D01F1DB7F762001F5A0F /* UserActivity.xib */,
				66E0D0231DB7F851001F5A0F /* UserActivityTableViewCell.swift */,
			);
			name = "Profile Activity";
			sourceTree = "<group>";
		};
		A97EA6891D87FA940037E25A /* Search */ = {
			isa = PBXGroup;
			children = (
				668D19591DB505350077021E /* SearchResult.xib */,
				668D195D1DB516030077021E /* SearchTableViewCell.swift */,
			);
			name = Search;
			sourceTree = "<group>";
		};
		A97EA6921D884A7B0037E25A /* InicialTutorial */ = {
			isa = PBXGroup;
			children = (
				A97EA6931D884A9E0037E25A /* InicialTutorialView.xib */,
				A97EA6951D884AB90037E25A /* InicialTutorial.storyboard */,
				66BC9B061DCAB21400B2B2C6 /* SecondViewController.swift */,
			);
			name = InicialTutorial;
			sourceTree = "<group>";
		};
		A98A72C71D8588FD0044238A /* Post */ = {
			isa = PBXGroup;
			children = (
				A98A72CA1D8589890044238A /* PostTabbleCellView.swift */,
				A98A72C81D85891C0044238A /* PostCellView.xib */,
			);
			name = Post;
			sourceTree = "<group>";
		};
		A99F9E691D78DA4E00059F1A /* NewMember */ = {
			isa = PBXGroup;
			children = (
				A99F9E6A1D78DA7000059F1A /* NewMember.xib */,
				A99F9E6C1D78DAAD00059F1A /* NewMemberView.swift */,
			);
			name = NewMember;
			sourceTree = "<group>";
		};
		A9E35E8E1D77640F007BC735 /* EditProfile */ = {
			isa = PBXGroup;
			children = (
				A9E35E8F1D776425007BC735 /* EditProfile.storyboard */,
				A9E35E911D77643B007BC735 /* EditViewController.swift */,
			);
			name = EditProfile;
			path = ..;
			sourceTree = "<group>";
		};
		A9E4D6B01D5D32CF00FD6873 = {
			isa = PBXGroup;
			children = (
				A9E4D6BB1D5D32CF00FD6873 /* CarSocialNetwork */,
				A9E4D6BA1D5D32CF00FD6873 /* Products */,
				ED360F0528030C5DF9D990AD /* Pods */,
				71E61D4A56B614CA355A389B /* Frameworks */,
			);
			sourceTree = "<group>";
		};
		A9E4D6BA1D5D32CF00FD6873 /* Products */ = {
			isa = PBXGroup;
			children = (
				A9E4D6B91D5D32CF00FD6873 /* CarSocialNetwork.app */,
			);
			name = Products;
			sourceTree = "<group>";
		};
		A9E4D6BB1D5D32CF00FD6873 /* CarSocialNetwork */ = {
			isa = PBXGroup;
			children = (
				66947D461DAEB07100046DA3 /* CarSocialNetwork.entitlements */,
				A97EA6921D884A7B0037E25A /* InicialTutorial */,
				A9E35E8E1D77640F007BC735 /* EditProfile */,
				666B93581DB2B481008D6F44 /* Events */,
				66A689351DB27D0200C7AE90 /* Car */,
				A91B16D21D77544600B0C6CB /* HomePage */,
				A9E4D6D01D5D3AA500FD6873 /* LoginStory */,
				A9E4D6CF1D5D3A8E00FD6873 /* Model */,
				66A392451DC7744D006C0399 /* Show */,
				A9E4D6D21D5D3AD300FD6873 /* System Resources */,
				A9E4D6D11D5D3AB000FD6873 /* Util */,
			);
			path = CarSocialNetwork;
			sourceTree = "<group>";
		};
		A9E4D6CF1D5D3A8E00FD6873 /* Model */ = {
			isa = PBXGroup;
			children = (
				A91B16CC1D7632E400B0C6CB /* Actitivy.swift */,
				A91B16CE1D77284700B0C6CB /* Car.swift */,
				A91B16D01D772A0400B0C6CB /* Events.swift */,
				A9E4D6DB1D5DF13200FD6873 /* Photo.swift */,
				A990501F1D75D4D000A4F626 /* User.swift */,
				661A5B8D1DC0066300B20988 /* Usr.swift */,
			);
			name = Model;
			sourceTree = "<group>";
		};
		A9E4D6D01D5D3AA500FD6873 /* LoginStory */ = {
			isa = PBXGroup;
			children = (
				A99F9E691D78DA4E00059F1A /* NewMember */,
				A97784E61D77A456006A756E /* LoginViewController.swift */,
				A97784EE1D77B9FA006A756E /* LoginStory.storyboard */,
			);
			name = LoginStory;
			sourceTree = "<group>";
		};
		A9E4D6D11D5D3AB000FD6873 /* Util */ = {
			isa = PBXGroup;
			children = (
				A93F230E1D917D1800EA197E /* ActivityType.swift */,
				A9D03BDE1D9801FC00D94791 /* AdjustPhoto.swift */,
				A91C94C21D87B7830049390A /* ApplicationManager.swift */,
				A9D567431D983ADA00CA478F /* AppHelperExtensions.swift */,
				A97784EA1D77B277006A756E /* AppConfiguration.swift */,
				A93EE8041D873C57008C9DF9 /* DefaultBt.swift */,
				A91717201D6666760011A524 /* Queue.swift */,
				A97784E81D77AED3006A756E /* GoToStoryBoard.swift */,
				A97784E41D779C44006A756E /* UserDefaults.swift */,
				66A689331DB2788E00C7AE90 /* UIViewControllerExtensions.swift */,
				66A6893F1DB2825B00C7AE90 /* UIImageExtensions.swift */,
				66A689431DB293FC00C7AE90 /* FusumaConfig.swift */,
				661A5B901DC0D82D00B20988 /* DefaultSettings.swift */,
				661A5B921DC0DF5900B20988 /* PhotoPost.swift */,
			);
			name = Util;
			sourceTree = "<group>";
		};
		A9E4D6D21D5D3AD300FD6873 /* System Resources */ = {
			isa = PBXGroup;
			children = (
				6692301C1DBD844F00DECAC0 /* Assets.xcassets */,
				A9E4D6BC1D5D32CF00FD6873 /* AppDelegate.swift */,
				A9E4D6C51D5D32CF00FD6873 /* LaunchScreen.storyboard */,
				A9E4D6C81D5D32CF00FD6873 /* Info.plist */,
			);
			name = "System Resources";
			sourceTree = "<group>";
		};
		ED360F0528030C5DF9D990AD /* Pods */ = {
			isa = PBXGroup;
			children = (
				6B02B8E240BA6D7EB0A5738F /* Pods-CarSocialNetwork.debug.xcconfig */,
				73D55C1859FEA03B5279E99E /* Pods-CarSocialNetwork.release.xcconfig */,
			);
			name = Pods;
			sourceTree = "<group>";
		};
/* End PBXGroup section */

/* Begin PBXNativeTarget section */
		A9E4D6B81D5D32CF00FD6873 /* CarSocialNetwork */ = {
			isa = PBXNativeTarget;
			buildConfigurationList = A9E4D6CB1D5D32CF00FD6873 /* Build configuration list for PBXNativeTarget "CarSocialNetwork" */;
			buildPhases = (
				0C78C93DB328A6D4490C35F4 /* Check Pods Manifest.lock */,
				A9E4D6B51D5D32CF00FD6873 /* Sources */,
				A9E4D6B61D5D32CF00FD6873 /* Frameworks */,
				A9E4D6B71D5D32CF00FD6873 /* Resources */,
				45EEBAA0248A32B4F3FE906D /* Embed Pods Frameworks */,
				4AB36EAE74C66156F5DD7AB5 /* Copy Pods Resources */,
			);
			buildRules = (
			);
			dependencies = (
			);
			name = CarSocialNetwork;
			productName = CarSocialNetwork;
			productReference = A9E4D6B91D5D32CF00FD6873 /* CarSocialNetwork.app */;
			productType = "com.apple.product-type.application";
		};
/* End PBXNativeTarget section */

/* Begin PBXProject section */
		A9E4D6B11D5D32CF00FD6873 /* Project object */ = {
			isa = PBXProject;
			attributes = {
				LastSwiftUpdateCheck = 0730;
				LastUpgradeCheck = 0730;
				ORGANIZATIONNAME = CarSocial;
				TargetAttributes = {
					A9E4D6B81D5D32CF00FD6873 = {
						CreatedOnToolsVersion = 7.3;
						DevelopmentTeam = ERP5GW2JQV;
						LastSwiftMigration = 0800;
						SystemCapabilities = {
							com.apple.Push = {
								enabled = 0;
							};
						};
					};
				};
			};
			buildConfigurationList = A9E4D6B41D5D32CF00FD6873 /* Build configuration list for PBXProject "CarSocialNetwork" */;
			compatibilityVersion = "Xcode 6.3";
			developmentRegion = English;
			hasScannedForEncodings = 0;
			knownRegions = (
				en,
				Base,
			);
			mainGroup = A9E4D6B01D5D32CF00FD6873;
			productRefGroup = A9E4D6BA1D5D32CF00FD6873 /* Products */;
			projectDirPath = "";
			projectRoot = "";
			targets = (
				A9E4D6B81D5D32CF00FD6873 /* CarSocialNetwork */,
			);
		};
/* End PBXProject section */

/* Begin PBXResourcesBuildPhase section */
		A9E4D6B71D5D32CF00FD6873 /* Resources */ = {
			isa = PBXResourcesBuildPhase;
			buildActionMask = 2147483647;
			files = (
				A97784EF1D77B9FA006A756E /* LoginStory.storyboard in Resources */,
				66E0D0201DB7F762001F5A0F /* UserActivity.xib in Resources */,
				A91B16D41D77559700B0C6CB /* HomePage.storyboard in Resources */,
				6692301D1DBD844F00DECAC0 /* Assets.xcassets in Resources */,
				66A392471DC77589006C0399 /* Show.storyboard in Resources */,
				A97EA6941D884A9E0037E25A /* InicialTutorialView.xib in Resources */,
				668D195A1DB505350077021E /* SearchResult.xib in Resources */,
				A9D03BE11D981BE900D94791 /* DescriptionPost.xib in Resources */,
				6611C31E1DB3C57400D99832 /* EventDescription.xib in Resources */,
				66A689371DB27D8000C7AE90 /* Car.storyboard in Resources */,
				666B935A1DB2B49A008D6F44 /* Events.storyboard in Resources */,
				A9E35E901D776425007BC735 /* EditProfile.storyboard in Resources */,
				A97EA6961D884AB90037E25A /* InicialTutorial.storyboard in Resources */,
				A99F9E6B1D78DA7000059F1A /* NewMember.xib in Resources */,
				A9E4D6C71D5D32CF00FD6873 /* LaunchScreen.storyboard in Resources */,
				66B0464B1DC627910090E7D8 /* FacebookSDKStrings.bundle in Resources */,
				A98A72C91D85891C0044238A /* PostCellView.xib in Resources */,
			);
			runOnlyForDeploymentPostprocessing = 0;
		};
/* End PBXResourcesBuildPhase section */

/* Begin PBXShellScriptBuildPhase section */
		0C78C93DB328A6D4490C35F4 /* Check Pods Manifest.lock */ = {
			isa = PBXShellScriptBuildPhase;
			buildActionMask = 2147483647;
			files = (
			);
			inputPaths = (
			);
			name = "Check Pods Manifest.lock";
			outputPaths = (
			);
			runOnlyForDeploymentPostprocessing = 0;
			shellPath = /bin/sh;
			shellScript = "diff \"${PODS_ROOT}/../Podfile.lock\" \"${PODS_ROOT}/Manifest.lock\" > /dev/null\nif [[ $? != 0 ]] ; then\n    cat << EOM\nerror: The sandbox is not in sync with the Podfile.lock. Run 'pod install' or update your CocoaPods installation.\nEOM\n    exit 1\nfi\n";
			showEnvVarsInLog = 0;
		};
		45EEBAA0248A32B4F3FE906D /* Embed Pods Frameworks */ = {
			isa = PBXShellScriptBuildPhase;
			buildActionMask = 2147483647;
			files = (
			);
			inputPaths = (
			);
			name = "Embed Pods Frameworks";
			outputPaths = (
			);
			runOnlyForDeploymentPostprocessing = 0;
			shellPath = /bin/sh;
			shellScript = "\"${SRCROOT}/Pods/Target Support Files/Pods-CarSocialNetwork/Pods-CarSocialNetwork-frameworks.sh\"\n";
			showEnvVarsInLog = 0;
		};
		4AB36EAE74C66156F5DD7AB5 /* Copy Pods Resources */ = {
			isa = PBXShellScriptBuildPhase;
			buildActionMask = 2147483647;
			files = (
			);
			inputPaths = (
			);
			name = "Copy Pods Resources";
			outputPaths = (
			);
			runOnlyForDeploymentPostprocessing = 0;
			shellPath = /bin/sh;
			shellScript = "\"${SRCROOT}/Pods/Target Support Files/Pods-CarSocialNetwork/Pods-CarSocialNetwork-resources.sh\"\n";
			showEnvVarsInLog = 0;
		};
/* End PBXShellScriptBuildPhase section */

/* Begin PBXSourcesBuildPhase section */
		A9E4D6B51D5D32CF00FD6873 /* Sources */ = {
			isa = PBXSourcesBuildPhase;
			buildActionMask = 2147483647;
			files = (
				A9E7AF0F1D9825E80049E4C4 /* DescritptionView.swift in Sources */,
				661A5B911DC0D82D00B20988 /* DefaultSettings.swift in Sources */,
				A9D567441D983ADA00CA478F /* AppHelperExtensions.swift in Sources */,
				A97784E71D77A456006A756E /* LoginViewController.swift in Sources */,
				A99050201D75D4D000A4F626 /* User.swift in Sources */,
				A91717211D6666760011A524 /* Queue.swift in Sources */,
				A99F9E6D1D78DAAD00059F1A /* NewMemberView.swift in Sources */,
				A9D03BDF1D9801FC00D94791 /* AdjustPhoto.swift in Sources */,
				A91B16CF1D77284700B0C6CB /* Car.swift in Sources */,
				66AC22121DCBABC900725A6B /* ShowEventViewController.swift in Sources */,
				668D195E1DB516030077021E /* SearchTableViewCell.swift in Sources */,
				A93EE8051D873C57008C9DF9 /* DefaultBt.swift in Sources */,
				661A5B931DC0DF5900B20988 /* PhotoPost.swift in Sources */,
				66A689391DB27F3900C7AE90 /* CarViewController.swift in Sources */,
				66A689441DB293FC00C7AE90 /* FusumaConfig.swift in Sources */,
				A97784ED1D77B6BB006A756E /* tabBar.swift in Sources */,
				A9E35E891D776392007BC735 /* SearchViewController.swift in Sources */,
				A97784E51D779C44006A756E /* UserDefaults.swift in Sources */,
				66E0D0241DB7F851001F5A0F /* UserActivityTableViewCell.swift in Sources */,
				A93F230F1D917D1800EA197E /* ActivityType.swift in Sources */,
				666B935C1DB2B8A8008D6F44 /* EventsViewController.swift in Sources */,
				A9E35E8B1D7763A9007BC735 /* PostViewController.swift in Sources */,
				A9E35E871D77637A007BC735 /* HomeViewController.swift in Sources */,
				66BC9B071DCAB21400B2B2C6 /* SecondViewController.swift in Sources */,
				661A5B8E1DC0066300B20988 /* Usr.swift in Sources */,
				A97784E91D77AED3006A756E /* GoToStoryBoard.swift in Sources */,
				A97784EB1D77B277006A756E /* AppConfiguration.swift in Sources */,
				A9E35E8D1D7763BE007BC735 /* ProfileViewController.swift in Sources */,
				66A689401DB2825B00C7AE90 /* UIImageExtensions.swift in Sources */,
				A9E4D6DC1D5DF13200FD6873 /* Photo.swift in Sources */,
				66A689341DB2788E00C7AE90 /* UIViewControllerExtensions.swift in Sources */,
				A9E35E921D77643B007BC735 /* EditViewController.swift in Sources */,
				A9E4D6BD1D5D32CF00FD6873 /* AppDelegate.swift in Sources */,
				A91B16D11D772A0400B0C6CB /* Events.swift in Sources */,
				A91C94C31D87B7830049390A /* ApplicationManager.swift in Sources */,
				A98A72CB1D8589890044238A /* PostTabbleCellView.swift in Sources */,
				66AC22141DCBB41100725A6B /* ShowCarViewController.swift in Sources */,
				66A3924B1DC7778A006C0399 /* ShowProfileViewController.swift in Sources */,
				6611C3201DB3C59C00D99832 /* EventDescriptionView.swift in Sources */,
				A91B16CD1D7632E400B0C6CB /* Actitivy.swift in Sources */,
			);
			runOnlyForDeploymentPostprocessing = 0;
		};
/* End PBXSourcesBuildPhase section */

/* Begin PBXVariantGroup section */
		A9E4D6C51D5D32CF00FD6873 /* LaunchScreen.storyboard */ = {
			isa = PBXVariantGroup;
			children = (
				A9E4D6C61D5D32CF00FD6873 /* Base */,
			);
			name = LaunchScreen.storyboard;
			sourceTree = "<group>";
		};
/* End PBXVariantGroup section */

/* Begin XCBuildConfiguration section */
		A9E4D6C91D5D32CF00FD6873 /* Debug */ = {
			isa = XCBuildConfiguration;
			buildSettings = {
				ALWAYS_SEARCH_USER_PATHS = NO;
				CLANG_ANALYZER_NONNULL = YES;
				CLANG_CXX_LANGUAGE_STANDARD = "gnu++0x";
				CLANG_CXX_LIBRARY = "libc++";
				CLANG_ENABLE_MODULES = YES;
				CLANG_ENABLE_OBJC_ARC = YES;
				CLANG_WARN_BOOL_CONVERSION = YES;
				CLANG_WARN_CONSTANT_CONVERSION = YES;
				CLANG_WARN_DIRECT_OBJC_ISA_USAGE = YES_ERROR;
				CLANG_WARN_EMPTY_BODY = YES;
				CLANG_WARN_ENUM_CONVERSION = YES;
				CLANG_WARN_INT_CONVERSION = YES;
				CLANG_WARN_OBJC_ROOT_CLASS = YES_ERROR;
				CLANG_WARN_UNREACHABLE_CODE = YES;
				CLANG_WARN__DUPLICATE_METHOD_MATCH = YES;
				CODE_SIGN_IDENTITY = "iPhone Distribution: Marco Aurelio (ERP5GW2JQV)";
				"CODE_SIGN_IDENTITY[sdk=iphoneos*]" = "iPhone Distribution: Marco Aurelio (ERP5GW2JQV)";
				COPY_PHASE_STRIP = NO;
				DEBUG_INFORMATION_FORMAT = dwarf;
				ENABLE_STRICT_OBJC_MSGSEND = YES;
				ENABLE_TESTABILITY = YES;
				GCC_C_LANGUAGE_STANDARD = gnu99;
				GCC_DYNAMIC_NO_PIC = NO;
				GCC_NO_COMMON_BLOCKS = YES;
				GCC_OPTIMIZATION_LEVEL = 0;
				GCC_PREPROCESSOR_DEFINITIONS = (
					"DEBUG=1",
					"$(inherited)",
				);
				GCC_WARN_64_TO_32_BIT_CONVERSION = YES;
				GCC_WARN_ABOUT_RETURN_TYPE = YES_ERROR;
				GCC_WARN_UNDECLARED_SELECTOR = YES;
				GCC_WARN_UNINITIALIZED_AUTOS = YES_AGGRESSIVE;
				GCC_WARN_UNUSED_FUNCTION = YES;
				GCC_WARN_UNUSED_VARIABLE = YES;
				IPHONEOS_DEPLOYMENT_TARGET = 9.3;
				MTL_ENABLE_DEBUG_INFO = YES;
				ONLY_ACTIVE_ARCH = YES;
				SDKROOT = iphoneos;
				SWIFT_OPTIMIZATION_LEVEL = "-Onone";
			};
			name = Debug;
		};
		A9E4D6CA1D5D32CF00FD6873 /* Release */ = {
			isa = XCBuildConfiguration;
			buildSettings = {
				ALWAYS_SEARCH_USER_PATHS = NO;
				CLANG_ANALYZER_NONNULL = YES;
				CLANG_CXX_LANGUAGE_STANDARD = "gnu++0x";
				CLANG_CXX_LIBRARY = "libc++";
				CLANG_ENABLE_MODULES = YES;
				CLANG_ENABLE_OBJC_ARC = YES;
				CLANG_WARN_BOOL_CONVERSION = YES;
				CLANG_WARN_CONSTANT_CONVERSION = YES;
				CLANG_WARN_DIRECT_OBJC_ISA_USAGE = YES_ERROR;
				CLANG_WARN_EMPTY_BODY = YES;
				CLANG_WARN_ENUM_CONVERSION = YES;
				CLANG_WARN_INT_CONVERSION = YES;
				CLANG_WARN_OBJC_ROOT_CLASS = YES_ERROR;
				CLANG_WARN_UNREACHABLE_CODE = YES;
				CLANG_WARN__DUPLICATE_METHOD_MATCH = YES;
				CODE_SIGN_IDENTITY = "iPhone Distribution: Marco Aurelio (ERP5GW2JQV)";
				"CODE_SIGN_IDENTITY[sdk=iphoneos*]" = "iPhone Distribution: Marco Aurelio (ERP5GW2JQV)";
				COPY_PHASE_STRIP = NO;
				DEBUG_INFORMATION_FORMAT = "dwarf-with-dsym";
				ENABLE_NS_ASSERTIONS = NO;
				ENABLE_STRICT_OBJC_MSGSEND = YES;
				GCC_C_LANGUAGE_STANDARD = gnu99;
				GCC_NO_COMMON_BLOCKS = YES;
				GCC_WARN_64_TO_32_BIT_CONVERSION = YES;
				GCC_WARN_ABOUT_RETURN_TYPE = YES_ERROR;
				GCC_WARN_UNDECLARED_SELECTOR = YES;
				GCC_WARN_UNINITIALIZED_AUTOS = YES_AGGRESSIVE;
				GCC_WARN_UNUSED_FUNCTION = YES;
				GCC_WARN_UNUSED_VARIABLE = YES;
				IPHONEOS_DEPLOYMENT_TARGET = 9.3;
				MTL_ENABLE_DEBUG_INFO = NO;
				SDKROOT = iphoneos;
				VALIDATE_PRODUCT = YES;
			};
			name = Release;
		};
		A9E4D6CC1D5D32CF00FD6873 /* Debug */ = {
			isa = XCBuildConfiguration;
			baseConfigurationReference = 6B02B8E240BA6D7EB0A5738F /* Pods-CarSocialNetwork.debug.xcconfig */;
			buildSettings = {
				ASSETCATALOG_COMPILER_APPICON_NAME = AppIcon;
				CODE_SIGN_IDENTITY = "iPhone Developer";
				"CODE_SIGN_IDENTITY[sdk=iphoneos*]" = "iPhone Developer";
				FRAMEWORK_SEARCH_PATHS = (
					"$(inherited)",
					"$(PROJECT_DIR)",
				);
				INFOPLIST_FILE = CarSocialNetwork/Info.plist;
				IPHONEOS_DEPLOYMENT_TARGET = 9.3;
				LD_RUNPATH_SEARCH_PATHS = "$(inherited) @executable_path/Frameworks";
				LIBRARY_SEARCH_PATHS = (
					"$(inherited)",
					"$(PROJECT_DIR)",
				);
				PRODUCT_BUNDLE_IDENTIFIER = CarSocialNetwork.com;
				PRODUCT_NAME = "$(TARGET_NAME)";
				PROVISIONING_PROFILE = "";
				SWIFT_OBJC_BRIDGING_HEADER = "";
				SWIFT_VERSION = 3.0;
			};
			name = Debug;
		};
		A9E4D6CD1D5D32CF00FD6873 /* Release */ = {
			isa = XCBuildConfiguration;
			baseConfigurationReference = 73D55C1859FEA03B5279E99E /* Pods-CarSocialNetwork.release.xcconfig */;
			buildSettings = {
				ASSETCATALOG_COMPILER_APPICON_NAME = AppIcon;
				CODE_SIGN_IDENTITY = "iPhone Developer";
				"CODE_SIGN_IDENTITY[sdk=iphoneos*]" = "iPhone Developer";
				FRAMEWORK_SEARCH_PATHS = (
					"$(inherited)",
					"$(PROJECT_DIR)",
				);
				INFOPLIST_FILE = CarSocialNetwork/Info.plist;
				IPHONEOS_DEPLOYMENT_TARGET = 9.3;
				LD_RUNPATH_SEARCH_PATHS = "$(inherited) @executable_path/Frameworks";
				LIBRARY_SEARCH_PATHS = (
					"$(inherited)",
					"$(PROJECT_DIR)",
				);
				PRODUCT_BUNDLE_IDENTIFIER = CarSocialNetwork.com;
				PRODUCT_NAME = "$(TARGET_NAME)";
				PROVISIONING_PROFILE = "";
				SWIFT_OBJC_BRIDGING_HEADER = "";
				SWIFT_VERSION = 3.0;
			};
			name = Release;
		};
/* End XCBuildConfiguration section */

/* Begin XCConfigurationList section */
		A9E4D6B41D5D32CF00FD6873 /* Build configuration list for PBXProject "CarSocialNetwork" */ = {
			isa = XCConfigurationList;
			buildConfigurations = (
				A9E4D6C91D5D32CF00FD6873 /* Debug */,
				A9E4D6CA1D5D32CF00FD6873 /* Release */,
			);
			defaultConfigurationIsVisible = 0;
			defaultConfigurationName = Release;
		};
		A9E4D6CB1D5D32CF00FD6873 /* Build configuration list for PBXNativeTarget "CarSocialNetwork" */ = {
			isa = XCConfigurationList;
			buildConfigurations = (
				A9E4D6CC1D5D32CF00FD6873 /* Debug */,
				A9E4D6CD1D5D32CF00FD6873 /* Release */,
			);
			defaultConfigurationIsVisible = 0;
			defaultConfigurationName = Release;
		};
/* End XCConfigurationList section */
	};
	rootObject = A9E4D6B11D5D32CF00FD6873 /* Project object */;
}
